
Microsoft Visual Studio Solution File, Format Version 12.00
# Visual Studio Version 17
VisualStudioVersion = 17.9.34728.123
MinimumVisualStudioVersion = 10.0.40219.1
Project("{FAE04EC0-301F-11D3-BF4B-00C04F79EFBC}") = "RevitParameterScanner", "RevitParameterScanner.csproj", "{821475FA-F49D-4194-9F4B-E406BE7D83E7}"
EndProject
Global
	GlobalSection(SolutionConfigurationPlatforms) = preSolution
		Debug|Any CPU = Debug|Any CPU
		Debug|x64 = Debug|x64
		Release|Any CPU = Release|Any CPU
		Release|x64 = Release|x64
	EndGlobalSection
	GlobalSection(ProjectConfigurationPlatforms) = postSolution
		{821475FA-F49D-4194-9F4B-E406BE7D83E7}.Debug|Any CPU.ActiveCfg = Debug|Any CPU
		{821475FA-F49D-4194-9F4B-E406BE7D83E7}.Debug|Any CPU.Build.0 = Debug|Any CPU
		{821475FA-F49D-4194-9F4B-E406BE7D83E7}.Debug|x64.ActiveCfg = Debug|x64
		{821475FA-F49D-4194-9F4B-E406BE7D83E7}.Debug|x64.Build.0 = Debug|x64
		{821475FA-F49D-4194-9F4B-E406BE7D83E7}.Release|Any CPU.ActiveCfg = Release|Any CPU
		{821475FA-F49D-4194-9F4B-E406BE7D83E7}.Release|Any CPU.Build.0 = Release|Any CPU
		{821475FA-F49D-4194-9F4B-E406BE7D83E7}.Release|x64.ActiveCfg = Release|x64
		{821475FA-F49D-4194-9F4B-E406BE7D83E7}.Release|x64.Build.0 = Release|x64
	EndGlobalSection
	GlobalSection(SolutionProperties) = preSolution
		HideSolutionNode = FALSE
	EndGlobalSection
	GlobalSection(ExtensibilityGlobals) = postSolution
		SolutionGuid = {DE05C9E3-DAD5-49E2-96C3-89157CD04E67}
	EndGlobalSection
EndGlobal
